
Microsoft Visual Studio Solution File, Format Version 12.00
# Visual Studio Version 17
VisualStudioVersion = 17.8.34525.116
MinimumVisualStudioVersion = 10.0.40219.1
Project("{FAE04EC0-301F-11D3-BF4B-00C04F79EFBC}") = "CMS-WebAPI-SQL", "CMS-WebAPI-SQL\CMS-WebAPI-SQL.csproj", "{59022C37-E777-4E7B-A94D-BE724045F8DD}"
EndProject
Global
	GlobalSection(SolutionConfigurationPlatforms) = preSolution
		Debug|Any CPU = Debug|Any CPU
		Release|Any CPU = Release|Any CPU
	EndGlobalSection
	GlobalSection(ProjectConfigurationPlatforms) = postSolution
		{59022C37-E777-4E7B-A94D-BE724045F8DD}.Debug|Any CPU.ActiveCfg = Debug|Any CPU
		{59022C37-E777-4E7B-A94D-BE724045F8DD}.Debug|Any CPU.Build.0 = Debug|Any CPU
		{59022C37-E777-4E7B-A94D-BE724045F8DD}.Release|Any CPU.ActiveCfg = Release|Any CPU
		{59022C37-E777-4E7B-A94D-BE724045F8DD}.Release|Any CPU.Build.0 = Release|Any CPU
	EndGlobalSection
	GlobalSection(SolutionProperties) = preSolution
		HideSolutionNode = FALSE
	EndGlobalSection
	GlobalSection(ExtensibilityGlobals) = postSolution
		SolutionGuid = {3A61138D-4923-41FD-94EA-F655EAFBA40D}
	EndGlobalSection
EndGlobal
